
Microsoft Visual Studio Solution File, Format Version 12.00
# Visual Studio Version 16
VisualStudioVersion = 16.0.31321.278
MinimumVisualStudioVersion = 10.0.40219.1
Project("{FAE04EC0-301F-11D3-BF4B-00C04F79EFBC}") = "BookMeetingRoom", "BookMeetingRoom.csproj", "{DA869963-C599-4F41-B82F-0A5276BF5C11}"
EndProject
Project("{FAE04EC0-301F-11D3-BF4B-00C04F79EFBC}") = "BookMeetingRoomTests", "..\BookMeetingRoomTests\BookMeetingRoomTests.csproj", "{65F65DAC-0587-4F9F-A438-F9CCAB43B487}"
EndProject
Global
	GlobalSection(SolutionConfigurationPlatforms) = preSolution
		Debug|Any CPU = Debug|Any CPU
		Release|Any CPU = Release|Any CPU
	EndGlobalSection
	GlobalSection(ProjectConfigurationPlatforms) = postSolution
		{DA869963-C599-4F41-B82F-0A5276BF5C11}.Debug|Any CPU.ActiveCfg = Debug|Any CPU
		{DA869963-C599-4F41-B82F-0A5276BF5C11}.Debug|Any CPU.Build.0 = Debug|Any CPU
		{DA869963-C599-4F41-B82F-0A5276BF5C11}.Release|Any CPU.ActiveCfg = Release|Any CPU
		{DA869963-C599-4F41-B82F-0A5276BF5C11}.Release|Any CPU.Build.0 = Release|Any CPU
		{65F65DAC-0587-4F9F-A438-F9CCAB43B487}.Debug|Any CPU.ActiveCfg = Debug|Any CPU
		{65F65DAC-0587-4F9F-A438-F9CCAB43B487}.Debug|Any CPU.Build.0 = Debug|Any CPU
		{65F65DAC-0587-4F9F-A438-F9CCAB43B487}.Release|Any CPU.ActiveCfg = Release|Any CPU
		{65F65DAC-0587-4F9F-A438-F9CCAB43B487}.Release|Any CPU.Build.0 = Release|Any CPU
	EndGlobalSection
	GlobalSection(SolutionProperties) = preSolution
		HideSolutionNode = FALSE
	EndGlobalSection
	GlobalSection(ExtensibilityGlobals) = postSolution
		SolutionGuid = {2E202EEE-6FB2-4B9B-9FFF-97D792F78392}
	EndGlobalSection
EndGlobal
